
Microsoft Visual Studio Solution File, Format Version 12.00
# Visual Studio 15
VisualStudioVersion = 15.0.28010.2016
MinimumVisualStudioVersion = 10.0.40219.1
Project("{9A19103F-16F7-4668-BE54-9A1E7A4F7556}") = "CarWashProcessing", "CarWashProcessing\CarWashProcessing.csproj", "{8ECACED2-431B-4C86-92D6-12F008FFAA90}"
EndProject
Global
	GlobalSection(SolutionConfigurationPlatforms) = preSolution
		Debug|Any CPU = Debug|Any CPU
		Release|Any CPU = Release|Any CPU
	EndGlobalSection
	GlobalSection(ProjectConfigurationPlatforms) = postSolution
		{8ECACED2-431B-4C86-92D6-12F008FFAA90}.Debug|Any CPU.ActiveCfg = Debug|Any CPU
		{8ECACED2-431B-4C86-92D6-12F008FFAA90}.Debug|Any CPU.Build.0 = Debug|Any CPU
		{8ECACED2-431B-4C86-92D6-12F008FFAA90}.Release|Any CPU.ActiveCfg = Release|Any CPU
		{8ECACED2-431B-4C86-92D6-12F008FFAA90}.Release|Any CPU.Build.0 = Release|Any CPU
	EndGlobalSection
	GlobalSection(SolutionProperties) = preSolution
		HideSolutionNode = FALSE
	EndGlobalSection
	GlobalSection(ExtensibilityGlobals) = postSolution
		SolutionGuid = {AEFC7CCC-E210-417D-8650-96CB24A92632}
	EndGlobalSection
EndGlobal
